
Microsoft Visual Studio Solution File, Format Version 12.00
# Visual Studio 15
VisualStudioVersion = 15.0.27703.2000
MinimumVisualStudioVersion = 10.0.40219.1
Project("{FAE04EC0-301F-11D3-BF4B-00C04F79EFBC}") = "WebApplicationEjemploFE", "WebApplicationEjemploFE\WebApplicationEjemploFE.csproj", "{8FBCFC5A-EFB6-43A4-B001-F29DC50FC1A0}"
EndProject
Project("{FAE04EC0-301F-11D3-BF4B-00C04F79EFBC}") = "WebApplicationEjemploFE.Tests", "WebApplicationEjemploFE.Tests\WebApplicationEjemploFE.Tests.csproj", "{444D7234-745C-48E0-94D4-09BD87EA5FF8}"
EndProject
Global
	GlobalSection(SolutionConfigurationPlatforms) = preSolution
		Debug|Any CPU = Debug|Any CPU
		Release|Any CPU = Release|Any CPU
	EndGlobalSection
	GlobalSection(ProjectConfigurationPlatforms) = postSolution
		{8FBCFC5A-EFB6-43A4-B001-F29DC50FC1A0}.Debug|Any CPU.ActiveCfg = Debug|Any CPU
		{8FBCFC5A-EFB6-43A4-B001-F29DC50FC1A0}.Debug|Any CPU.Build.0 = Debug|Any CPU
		{8FBCFC5A-EFB6-43A4-B001-F29DC50FC1A0}.Release|Any CPU.ActiveCfg = Release|Any CPU
		{8FBCFC5A-EFB6-43A4-B001-F29DC50FC1A0}.Release|Any CPU.Build.0 = Release|Any CPU
		{444D7234-745C-48E0-94D4-09BD87EA5FF8}.Debug|Any CPU.ActiveCfg = Debug|Any CPU
		{444D7234-745C-48E0-94D4-09BD87EA5FF8}.Debug|Any CPU.Build.0 = Debug|Any CPU
		{444D7234-745C-48E0-94D4-09BD87EA5FF8}.Release|Any CPU.ActiveCfg = Release|Any CPU
		{444D7234-745C-48E0-94D4-09BD87EA5FF8}.Release|Any CPU.Build.0 = Release|Any CPU
	EndGlobalSection
	GlobalSection(SolutionProperties) = preSolution
		HideSolutionNode = FALSE
	EndGlobalSection
	GlobalSection(ExtensibilityGlobals) = postSolution
		SolutionGuid = {C1B4C49E-7A0C-4314-9BA0-7F2C69E0C4B9}
	EndGlobalSection
EndGlobal
