
Microsoft Visual Studio Solution File, Format Version 12.00
# Visual Studio 15
VisualStudioVersion = 15.0.27703.2000
MinimumVisualStudioVersion = 10.0.40219.1
Project("{FAE04EC0-301F-11D3-BF4B-00C04F79EFBC}") = "App1", "App1\App1.csproj", "{66A30DA4-E4CC-477D-A53E-6424608FCAD8}"
EndProject
Global
	GlobalSection(SolutionConfigurationPlatforms) = preSolution
		Debug|ARM = Debug|ARM
		Debug|x64 = Debug|x64
		Debug|x86 = Debug|x86
		Release|ARM = Release|ARM
		Release|x64 = Release|x64
		Release|x86 = Release|x86
	EndGlobalSection
	GlobalSection(ProjectConfigurationPlatforms) = postSolution
		{66A30DA4-E4CC-477D-A53E-6424608FCAD8}.Debug|ARM.ActiveCfg = Debug|ARM
		{66A30DA4-E4CC-477D-A53E-6424608FCAD8}.Debug|ARM.Build.0 = Debug|ARM
		{66A30DA4-E4CC-477D-A53E-6424608FCAD8}.Debug|ARM.Deploy.0 = Debug|ARM
		{66A30DA4-E4CC-477D-A53E-6424608FCAD8}.Debug|x64.ActiveCfg = Debug|x64
		{66A30DA4-E4CC-477D-A53E-6424608FCAD8}.Debug|x64.Build.0 = Debug|x64
		{66A30DA4-E4CC-477D-A53E-6424608FCAD8}.Debug|x64.Deploy.0 = Debug|x64
		{66A30DA4-E4CC-477D-A53E-6424608FCAD8}.Debug|x86.ActiveCfg = Debug|x86
		{66A30DA4-E4CC-477D-A53E-6424608FCAD8}.Debug|x86.Build.0 = Debug|x86
		{66A30DA4-E4CC-477D-A53E-6424608FCAD8}.Debug|x86.Deploy.0 = Debug|x86
		{66A30DA4-E4CC-477D-A53E-6424608FCAD8}.Release|ARM.ActiveCfg = Release|ARM
		{66A30DA4-E4CC-477D-A53E-6424608FCAD8}.Release|ARM.Build.0 = Release|ARM
		{66A30DA4-E4CC-477D-A53E-6424608FCAD8}.Release|ARM.Deploy.0 = Release|ARM
		{66A30DA4-E4CC-477D-A53E-6424608FCAD8}.Release|x64.ActiveCfg = Release|x64
		{66A30DA4-E4CC-477D-A53E-6424608FCAD8}.Release|x64.Build.0 = Release|x64
		{66A30DA4-E4CC-477D-A53E-6424608FCAD8}.Release|x64.Deploy.0 = Release|x64
		{66A30DA4-E4CC-477D-A53E-6424608FCAD8}.Release|x86.ActiveCfg = Release|x86
		{66A30DA4-E4CC-477D-A53E-6424608FCAD8}.Release|x86.Build.0 = Release|x86
		{66A30DA4-E4CC-477D-A53E-6424608FCAD8}.Release|x86.Deploy.0 = Release|x86
	EndGlobalSection
	GlobalSection(SolutionProperties) = preSolution
		HideSolutionNode = FALSE
	EndGlobalSection
	GlobalSection(ExtensibilityGlobals) = postSolution
		SolutionGuid = {33E0A13A-A1B1-4964-8A0C-9C132C8F604D}
	EndGlobalSection
EndGlobal
